
Microsoft Visual Studio Solution File, Format Version 12.00
# Visual Studio 14
VisualStudioVersion = 14.0.25123.0
MinimumVisualStudioVersion = 10.0.40219.1
Project("{FAE04EC0-301F-11D3-BF4B-00C04F79EFBC}") = "Binary Search", "Binary Search\Binary Search.csproj", "{63E606CD-A3B8-4D7A-9C60-2B9C747A1C27}"
EndProject
Project("{FAE04EC0-301F-11D3-BF4B-00C04F79EFBC}") = "Recursive Binary Search", "Recursive Binary Search\Recursive Binary Search.csproj", "{CC058DCC-C4B5-4DDD-8990-26D97EC99B47}"
EndProject
Global
	GlobalSection(SolutionConfigurationPlatforms) = preSolution
		Debug|Any CPU = Debug|Any CPU
		Release|Any CPU = Release|Any CPU
	EndGlobalSection
	GlobalSection(ProjectConfigurationPlatforms) = postSolution
		{63E606CD-A3B8-4D7A-9C60-2B9C747A1C27}.Debug|Any CPU.ActiveCfg = Debug|Any CPU
		{63E606CD-A3B8-4D7A-9C60-2B9C747A1C27}.Debug|Any CPU.Build.0 = Debug|Any CPU
		{63E606CD-A3B8-4D7A-9C60-2B9C747A1C27}.Release|Any CPU.ActiveCfg = Release|Any CPU
		{63E606CD-A3B8-4D7A-9C60-2B9C747A1C27}.Release|Any CPU.Build.0 = Release|Any CPU
		{CC058DCC-C4B5-4DDD-8990-26D97EC99B47}.Debug|Any CPU.ActiveCfg = Debug|Any CPU
		{CC058DCC-C4B5-4DDD-8990-26D97EC99B47}.Debug|Any CPU.Build.0 = Debug|Any CPU
		{CC058DCC-C4B5-4DDD-8990-26D97EC99B47}.Release|Any CPU.ActiveCfg = Release|Any CPU
		{CC058DCC-C4B5-4DDD-8990-26D97EC99B47}.Release|Any CPU.Build.0 = Release|Any CPU
	EndGlobalSection
	GlobalSection(SolutionProperties) = preSolution
		HideSolutionNode = FALSE
	EndGlobalSection
EndGlobal
