
Microsoft Visual Studio Solution File, Format Version 12.00
# Visual Studio 14
VisualStudioVersion = 14.0.25123.0
MinimumVisualStudioVersion = 10.0.40219.1
Project("{FAE04EC0-301F-11D3-BF4B-00C04F79EFBC}") = "Binary Search", "Binary Search\Binary Search.csproj", "{63E606CD-A3B8-4D7A-9C60-2B9C747A1C27}"
EndProject
Project("{FAE04EC0-301F-11D3-BF4B-00C04F79EFBC}") = "Recursive Binary Search", "Recursive Binary Search\Recursive Binary Search.csproj", "{CC058DCC-C4B5-4DDD-8990-26D97EC99B47}"
EndProject
Project("{FAE04EC0-301F-11D3-BF4B-00C04F79EFBC}") = "Selection Sort", "Selection Sort\Selection Sort.csproj", "{AE23F971-290E-4042-BF18-3A920E7C260A}"
EndProject
Project("{FAE04EC0-301F-11D3-BF4B-00C04F79EFBC}") = "Insertion Sort", "Insertion Sort\Insertion Sort.csproj", "{64D5D182-42C4-4AA9-BD49-E8F87EC8DBD9}"
EndProject
Project("{FAE04EC0-301F-11D3-BF4B-00C04F79EFBC}") = "Merge Sort", "Merge Sort\Merge Sort.csproj", "{788DA849-0524-4947-B608-032B8B8A1406}"
EndProject
Project("{FAE04EC0-301F-11D3-BF4B-00C04F79EFBC}") = "Quick Sort", "Quick Sort\Quick Sort.csproj", "{57F616FD-E19A-43E3-B5B0-2F494EBC15B6}"
EndProject
Global
	GlobalSection(SolutionConfigurationPlatforms) = preSolution
		Debug|Any CPU = Debug|Any CPU
		Release|Any CPU = Release|Any CPU
	EndGlobalSection
	GlobalSection(ProjectConfigurationPlatforms) = postSolution
		{63E606CD-A3B8-4D7A-9C60-2B9C747A1C27}.Debug|Any CPU.ActiveCfg = Debug|Any CPU
		{63E606CD-A3B8-4D7A-9C60-2B9C747A1C27}.Debug|Any CPU.Build.0 = Debug|Any CPU
		{63E606CD-A3B8-4D7A-9C60-2B9C747A1C27}.Release|Any CPU.ActiveCfg = Release|Any CPU
		{63E606CD-A3B8-4D7A-9C60-2B9C747A1C27}.Release|Any CPU.Build.0 = Release|Any CPU
		{CC058DCC-C4B5-4DDD-8990-26D97EC99B47}.Debug|Any CPU.ActiveCfg = Debug|Any CPU
		{CC058DCC-C4B5-4DDD-8990-26D97EC99B47}.Debug|Any CPU.Build.0 = Debug|Any CPU
		{CC058DCC-C4B5-4DDD-8990-26D97EC99B47}.Release|Any CPU.ActiveCfg = Release|Any CPU
		{CC058DCC-C4B5-4DDD-8990-26D97EC99B47}.Release|Any CPU.Build.0 = Release|Any CPU
		{AE23F971-290E-4042-BF18-3A920E7C260A}.Debug|Any CPU.ActiveCfg = Debug|Any CPU
		{AE23F971-290E-4042-BF18-3A920E7C260A}.Debug|Any CPU.Build.0 = Debug|Any CPU
		{AE23F971-290E-4042-BF18-3A920E7C260A}.Release|Any CPU.ActiveCfg = Release|Any CPU
		{AE23F971-290E-4042-BF18-3A920E7C260A}.Release|Any CPU.Build.0 = Release|Any CPU
		{64D5D182-42C4-4AA9-BD49-E8F87EC8DBD9}.Debug|Any CPU.ActiveCfg = Debug|Any CPU
		{64D5D182-42C4-4AA9-BD49-E8F87EC8DBD9}.Debug|Any CPU.Build.0 = Debug|Any CPU
		{64D5D182-42C4-4AA9-BD49-E8F87EC8DBD9}.Release|Any CPU.ActiveCfg = Release|Any CPU
		{64D5D182-42C4-4AA9-BD49-E8F87EC8DBD9}.Release|Any CPU.Build.0 = Release|Any CPU
		{788DA849-0524-4947-B608-032B8B8A1406}.Debug|Any CPU.ActiveCfg = Debug|Any CPU
		{788DA849-0524-4947-B608-032B8B8A1406}.Debug|Any CPU.Build.0 = Debug|Any CPU
		{788DA849-0524-4947-B608-032B8B8A1406}.Release|Any CPU.ActiveCfg = Release|Any CPU
		{788DA849-0524-4947-B608-032B8B8A1406}.Release|Any CPU.Build.0 = Release|Any CPU
		{57F616FD-E19A-43E3-B5B0-2F494EBC15B6}.Debug|Any CPU.ActiveCfg = Debug|Any CPU
		{57F616FD-E19A-43E3-B5B0-2F494EBC15B6}.Debug|Any CPU.Build.0 = Debug|Any CPU
		{57F616FD-E19A-43E3-B5B0-2F494EBC15B6}.Release|Any CPU.ActiveCfg = Release|Any CPU
		{57F616FD-E19A-43E3-B5B0-2F494EBC15B6}.Release|Any CPU.Build.0 = Release|Any CPU
	EndGlobalSection
	GlobalSection(SolutionProperties) = preSolution
		HideSolutionNode = FALSE
	EndGlobalSection
EndGlobal
