
Microsoft Visual Studio Solution File, Format Version 12.00
# Visual Studio 14
VisualStudioVersion = 14.0.25123.0
MinimumVisualStudioVersion = 10.0.40219.1
Project("{FAE04EC0-301F-11D3-BF4B-00C04F79EFBC}") = "Really Simple Sort", "Really Simple Sort\Really Simple Sort.csproj", "{EA0D617F-B202-4EE0-9491-2161DC13B1C8}"
EndProject
Project("{FAE04EC0-301F-11D3-BF4B-00C04F79EFBC}") = "Count Keys Equal", "Count Keys Equal\Count Keys Equal.csproj", "{3DA41AD3-E5A2-4148-B5F0-495A7BC0082E}"
EndProject
Project("{FAE04EC0-301F-11D3-BF4B-00C04F79EFBC}") = "Count Keys Less", "Count Keys Less\Count Keys Less.csproj", "{44EEFECB-02A7-4DCE-B097-D7E799F10BFE}"
EndProject
Global
	GlobalSection(SolutionConfigurationPlatforms) = preSolution
		Debug|Any CPU = Debug|Any CPU
		Release|Any CPU = Release|Any CPU
	EndGlobalSection
	GlobalSection(ProjectConfigurationPlatforms) = postSolution
		{EA0D617F-B202-4EE0-9491-2161DC13B1C8}.Debug|Any CPU.ActiveCfg = Debug|Any CPU
		{EA0D617F-B202-4EE0-9491-2161DC13B1C8}.Debug|Any CPU.Build.0 = Debug|Any CPU
		{EA0D617F-B202-4EE0-9491-2161DC13B1C8}.Release|Any CPU.ActiveCfg = Release|Any CPU
		{EA0D617F-B202-4EE0-9491-2161DC13B1C8}.Release|Any CPU.Build.0 = Release|Any CPU
		{3DA41AD3-E5A2-4148-B5F0-495A7BC0082E}.Debug|Any CPU.ActiveCfg = Debug|Any CPU
		{3DA41AD3-E5A2-4148-B5F0-495A7BC0082E}.Debug|Any CPU.Build.0 = Debug|Any CPU
		{3DA41AD3-E5A2-4148-B5F0-495A7BC0082E}.Release|Any CPU.ActiveCfg = Release|Any CPU
		{3DA41AD3-E5A2-4148-B5F0-495A7BC0082E}.Release|Any CPU.Build.0 = Release|Any CPU
		{44EEFECB-02A7-4DCE-B097-D7E799F10BFE}.Debug|Any CPU.ActiveCfg = Debug|Any CPU
		{44EEFECB-02A7-4DCE-B097-D7E799F10BFE}.Debug|Any CPU.Build.0 = Debug|Any CPU
		{44EEFECB-02A7-4DCE-B097-D7E799F10BFE}.Release|Any CPU.ActiveCfg = Release|Any CPU
		{44EEFECB-02A7-4DCE-B097-D7E799F10BFE}.Release|Any CPU.Build.0 = Release|Any CPU
	EndGlobalSection
	GlobalSection(SolutionProperties) = preSolution
		HideSolutionNode = FALSE
	EndGlobalSection
EndGlobal
